
Microsoft Visual Studio Solution File, Format Version 12.00
# Visual Studio Version 17
VisualStudioVersion = 17.8.34511.84
MinimumVisualStudioVersion = 10.0.40219.1
Project("{8BC9CEB8-8B4A-11D0-8D11-00A0C91BC942}") = "Functions", "Functions\Functions.vcxproj", "{5A813F15-B14B-4417-B851-5E4E74C31D88}"
EndProject
Project("{8BC9CEB8-8B4A-11D0-8D11-00A0C91BC942}") = "Arrays", "Arrays\Arrays.vcxproj", "{A114464C-4679-4280-84B6-EA4E82651098}"
EndProject
Global
	GlobalSection(SolutionConfigurationPlatforms) = preSolution
		Debug|x64 = Debug|x64
		Debug|x86 = Debug|x86
		Release|x64 = Release|x64
		Release|x86 = Release|x86
	EndGlobalSection
	GlobalSection(ProjectConfigurationPlatforms) = postSolution
		{5A813F15-B14B-4417-B851-5E4E74C31D88}.Debug|x64.ActiveCfg = Debug|x64
		{5A813F15-B14B-4417-B851-5E4E74C31D88}.Debug|x64.Build.0 = Debug|x64
		{5A813F15-B14B-4417-B851-5E4E74C31D88}.Debug|x86.ActiveCfg = Debug|Win32
		{5A813F15-B14B-4417-B851-5E4E74C31D88}.Debug|x86.Build.0 = Debug|Win32
		{5A813F15-B14B-4417-B851-5E4E74C31D88}.Release|x64.ActiveCfg = Release|x64
		{5A813F15-B14B-4417-B851-5E4E74C31D88}.Release|x64.Build.0 = Release|x64
		{5A813F15-B14B-4417-B851-5E4E74C31D88}.Release|x86.ActiveCfg = Release|Win32
		{5A813F15-B14B-4417-B851-5E4E74C31D88}.Release|x86.Build.0 = Release|Win32
		{A114464C-4679-4280-84B6-EA4E82651098}.Debug|x64.ActiveCfg = Debug|x64
		{A114464C-4679-4280-84B6-EA4E82651098}.Debug|x64.Build.0 = Debug|x64
		{A114464C-4679-4280-84B6-EA4E82651098}.Debug|x86.ActiveCfg = Debug|Win32
		{A114464C-4679-4280-84B6-EA4E82651098}.Debug|x86.Build.0 = Debug|Win32
		{A114464C-4679-4280-84B6-EA4E82651098}.Release|x64.ActiveCfg = Release|x64
		{A114464C-4679-4280-84B6-EA4E82651098}.Release|x64.Build.0 = Release|x64
		{A114464C-4679-4280-84B6-EA4E82651098}.Release|x86.ActiveCfg = Release|Win32
		{A114464C-4679-4280-84B6-EA4E82651098}.Release|x86.Build.0 = Release|Win32
	EndGlobalSection
	GlobalSection(SolutionProperties) = preSolution
		HideSolutionNode = FALSE
	EndGlobalSection
	GlobalSection(ExtensibilityGlobals) = postSolution
		SolutionGuid = {06DEEE79-B05B-4ECC-847A-E254FE26D3E5}
	EndGlobalSection
EndGlobal
